
Microsoft Visual Studio Solution File, Format Version 12.00
# Visual Studio 2017
Project("{FAE04EC0-301F-11D3-BF4B-00C04F79EFBC}") = "SpaceShooters", "SpaceShooters.csproj", "{541A7997-8FA2-F369-55E0-6E9AAC6FCA37}"
EndProject
Global
	GlobalSection(SolutionConfigurationPlatforms) = preSolution
		Debug|Any CPU = Debug|Any CPU
		Release|Any CPU = Release|Any CPU
	EndGlobalSection
	GlobalSection(ProjectConfigurationPlatforms) = postSolution
		{541A7997-8FA2-F369-55E0-6E9AAC6FCA37}.Debug|Any CPU.ActiveCfg = Debug|Any CPU
		{541A7997-8FA2-F369-55E0-6E9AAC6FCA37}.Debug|Any CPU.Build.0 = Debug|Any CPU
		{541A7997-8FA2-F369-55E0-6E9AAC6FCA37}.Release|Any CPU.ActiveCfg = Release|Any CPU
		{541A7997-8FA2-F369-55E0-6E9AAC6FCA37}.Release|Any CPU.Build.0 = Release|Any CPU
	EndGlobalSection
	GlobalSection(SolutionProperties) = preSolution
		HideSolutionNode = FALSE
	EndGlobalSection
EndGlobal
